// !$*UTF8*$!
{
	archiveVersion = 1;
	classes = {
	};
	objectVersion = 50;
	objects = {

/* Begin PBXBuildFile section */
		1938B3EB22E3716400843E2A /* CurrencyTableViewCell.swift in Sources */ = {isa = PBXBuildFile; fileRef = 1938B3E922E3716400843E2A /* CurrencyTableViewCell.swift */; };
		1938B3EC22E3716400843E2A /* CurrencyTableViewCell.xib in Resources */ = {isa = PBXBuildFile; fileRef = 1938B3EA22E3716400843E2A /* CurrencyTableViewCell.xib */; };
		1938B3EF22E377BB00843E2A /* CurrenciesAdapter.swift in Sources */ = {isa = PBXBuildFile; fileRef = 1938B3EE22E377BB00843E2A /* CurrenciesAdapter.swift */; };
		1938B3F322E37E9800843E2A /* CurrenciesStoryboard.storyboard in Resources */ = {isa = PBXBuildFile; fileRef = 1938B3F222E37E9800843E2A /* CurrenciesStoryboard.storyboard */; };
		1938B3F522E37F1A00843E2A /* CurrenciesViewController.swift in Sources */ = {isa = PBXBuildFile; fileRef = 1938B3F422E37F1A00843E2A /* CurrenciesViewController.swift */; };
		1938B3F722E37F8300843E2A /* CurrenciesViewIO.swift in Sources */ = {isa = PBXBuildFile; fileRef = 1938B3F622E37F8300843E2A /* CurrenciesViewIO.swift */; };
		1938B3FB22E385A800843E2A /* CurrencyEntity.swift in Sources */ = {isa = PBXBuildFile; fileRef = 1938B3FA22E385A800843E2A /* CurrencyEntity.swift */; };
		1938B3FD22E3862C00843E2A /* CurrenciesService.swift in Sources */ = {isa = PBXBuildFile; fileRef = 1938B3FC22E3862C00843E2A /* CurrenciesService.swift */; };
		1938B41C22E38C9C00843E2A /* CurrenciesAssembly.swift in Sources */ = {isa = PBXBuildFile; fileRef = 1938B41B22E38C9C00843E2A /* CurrenciesAssembly.swift */; };
		1938B41E22E3946700843E2A /* CurrenciesPresenter.swift in Sources */ = {isa = PBXBuildFile; fileRef = 1938B41D22E3946700843E2A /* CurrenciesPresenter.swift */; };
		1938B42022E3B00100843E2A /* CurrenciesModuleIO.swift in Sources */ = {isa = PBXBuildFile; fileRef = 1938B41F22E3B00100843E2A /* CurrenciesModuleIO.swift */; };
		1962C3DA22E4F782003E957C /* CommonCoordinator.swift in Sources */ = {isa = PBXBuildFile; fileRef = 1962C3D622E4F782003E957C /* CommonCoordinator.swift */; };
		1962C3DB22E4F782003E957C /* CommonTypealias.swift in Sources */ = {isa = PBXBuildFile; fileRef = 1962C3D722E4F782003E957C /* CommonTypealias.swift */; };
		1962C3DC22E4F782003E957C /* Presentable.swift in Sources */ = {isa = PBXBuildFile; fileRef = 1962C3D822E4F782003E957C /* Presentable.swift */; };
		1962C3DD22E4F782003E957C /* Routable.swift in Sources */ = {isa = PBXBuildFile; fileRef = 1962C3D922E4F782003E957C /* Routable.swift */; };
		1962C3DF22E4F789003E957C /* AppRouter.swift in Sources */ = {isa = PBXBuildFile; fileRef = 1962C3DE22E4F789003E957C /* AppRouter.swift */; };
		1962C3E222E4F817003E957C /* Coordinatable.swift in Sources */ = {isa = PBXBuildFile; fileRef = 1962C3E122E4F817003E957C /* Coordinatable.swift */; };
		1962C3E422E625B1003E957C /* Finishable.swift in Sources */ = {isa = PBXBuildFile; fileRef = 1962C3E322E625B1003E957C /* Finishable.swift */; };
		1962C3E622E64790003E957C /* Constants.swift in Sources */ = {isa = PBXBuildFile; fileRef = 1962C3E522E64790003E957C /* Constants.swift */; };
		1962C3E822E64C0E003E957C /* CurrenciesModuleFactory.swift in Sources */ = {isa = PBXBuildFile; fileRef = 1962C3E722E64C0E003E957C /* CurrenciesModuleFactory.swift */; };
		1962C3EB22E78F2B003E957C /* RateEntity.swift in Sources */ = {isa = PBXBuildFile; fileRef = 1962C3EA22E78F2B003E957C /* RateEntity.swift */; };
		1962C3EE22E96D95003E957C /* Extensions.swift in Sources */ = {isa = PBXBuildFile; fileRef = 1962C3ED22E96D95003E957C /* Extensions.swift */; };
		1962C3F222E9782C003E957C /* DataManager.swift in Sources */ = {isa = PBXBuildFile; fileRef = 1962C3F122E9782C003E957C /* DataManager.swift */; };
		1962C40222EC650B003E957C /* PairEntity.swift in Sources */ = {isa = PBXBuildFile; fileRef = 1962C40122EC650B003E957C /* PairEntity.swift */; };
		1962C40722EE0C26003E957C /* AddCurrencyPairCoordinatorHelperTests.swift in Sources */ = {isa = PBXBuildFile; fileRef = 1962C40622EE0C26003E957C /* AddCurrencyPairCoordinatorHelperTests.swift */; };
		1962C40D22EE2E3A003E957C /* AddCurrencyPairCoordinatorHelper.swift in Sources */ = {isa = PBXBuildFile; fileRef = 1962C40322ECF495003E957C /* AddCurrencyPairCoordinatorHelper.swift */; };
		1962C40F22EE3FE2003E957C /* CurrenciesRateModuleTests.swift in Sources */ = {isa = PBXBuildFile; fileRef = 1962C40E22EE3FE2003E957C /* CurrenciesRateModuleTests.swift */; };
		1962C41122EE403E003E957C /* RateServiceTests.swift in Sources */ = {isa = PBXBuildFile; fileRef = 1962C41022EE403E003E957C /* RateServiceTests.swift */; };
		1986328822E1071700DAB4AD /* AppDelegate.swift in Sources */ = {isa = PBXBuildFile; fileRef = 1986328722E1071700DAB4AD /* AppDelegate.swift */; };
		1986328F22E1071A00DAB4AD /* Assets.xcassets in Resources */ = {isa = PBXBuildFile; fileRef = 1986328E22E1071A00DAB4AD /* Assets.xcassets */; };
		1986329222E1071A00DAB4AD /* LaunchScreen.storyboard in Resources */ = {isa = PBXBuildFile; fileRef = 1986329022E1071A00DAB4AD /* LaunchScreen.storyboard */; };
		1986329D22E1071A00DAB4AD /* CurrencyRateTests.swift in Sources */ = {isa = PBXBuildFile; fileRef = 1986329C22E1071A00DAB4AD /* CurrencyRateTests.swift */; };
		198632A822E1071A00DAB4AD /* CurrencyRateUITests.swift in Sources */ = {isa = PBXBuildFile; fileRef = 198632A722E1071A00DAB4AD /* CurrencyRateUITests.swift */; };
		19A9A7CB22E4C29E00EED646 /* ApplicationCoordinator.swift in Sources */ = {isa = PBXBuildFile; fileRef = 19A9A7CA22E4C29E00EED646 /* ApplicationCoordinator.swift */; };
		AF0CD41A22E61424006EFC82 /* CurrenciesRateModuleIO.swift in Sources */ = {isa = PBXBuildFile; fileRef = AF0CD41922E61424006EFC82 /* CurrenciesRateModuleIO.swift */; };
		AF0CD41C22E6153F006EFC82 /* CurrenciesRateModuleFactory.swift in Sources */ = {isa = PBXBuildFile; fileRef = AF0CD41B22E6153F006EFC82 /* CurrenciesRateModuleFactory.swift */; };
		AF0CDAF322E72CA8003FA00E /* PairTableViewCell.swift in Sources */ = {isa = PBXBuildFile; fileRef = AF0CDAF122E72CA8003FA00E /* PairTableViewCell.swift */; };
		AF0CDAF422E72CA8003FA00E /* PairTableViewCell.xib in Resources */ = {isa = PBXBuildFile; fileRef = AF0CDAF222E72CA8003FA00E /* PairTableViewCell.xib */; };
		AF0CDB0522E737E9003FA00E /* PairAdapter.swift in Sources */ = {isa = PBXBuildFile; fileRef = AF0CDB0422E737E9003FA00E /* PairAdapter.swift */; };
		AF0CDB0F22E758CC003FA00E /* RateService.swift in Sources */ = {isa = PBXBuildFile; fileRef = AF0CDB0E22E758CC003FA00E /* RateService.swift */; };
		AF0CDB1122E760B5003FA00E /* ServiceLocator.swift in Sources */ = {isa = PBXBuildFile; fileRef = AF0CDB1022E760B5003FA00E /* ServiceLocator.swift */; };
		AF24038422E9A20F00C1BBC2 /* AppDelegate+DI.swift in Sources */ = {isa = PBXBuildFile; fileRef = AF24038322E9A20F00C1BBC2 /* AppDelegate+DI.swift */; };
		AF24038622E9A23F00C1BBC2 /* AppDelegate+Coordinator.swift in Sources */ = {isa = PBXBuildFile; fileRef = AF24038522E9A23F00C1BBC2 /* AppDelegate+Coordinator.swift */; };
		AF24038A22E9D64200C1BBC2 /* StorageService.swift in Sources */ = {isa = PBXBuildFile; fileRef = AF24038922E9D64200C1BBC2 /* StorageService.swift */; };
		AF24038C22E9DF2B00C1BBC2 /* DeferedAction.swift in Sources */ = {isa = PBXBuildFile; fileRef = AF24038B22E9DF2B00C1BBC2 /* DeferedAction.swift */; };
		AFB8DE6A22E8510C0048D672 /* DataTaskManager.swift in Sources */ = {isa = PBXBuildFile; fileRef = AFB8DE6922E8510C0048D672 /* DataTaskManager.swift */; };
		AFB8DE6C22E85A330048D672 /* Networkable.swift in Sources */ = {isa = PBXBuildFile; fileRef = AFB8DE6B22E85A330048D672 /* Networkable.swift */; };
		AFC77D5822E5D54F003AC2D1 /* CoordinatorFactory.swift in Sources */ = {isa = PBXBuildFile; fileRef = AFC77D5722E5D54E003AC2D1 /* CoordinatorFactory.swift */; };
		AFC77D7822E5EAED003AC2D1 /* ModuleFactoryImplementation.swift in Sources */ = {isa = PBXBuildFile; fileRef = AFC77D7722E5EAED003AC2D1 /* ModuleFactoryImplementation.swift */; };
		AFC77D7A22E5EFCF003AC2D1 /* CoordinatorFactoryImplementation.swift in Sources */ = {isa = PBXBuildFile; fileRef = AFC77D7922E5EFCF003AC2D1 /* CoordinatorFactoryImplementation.swift */; };
		AFC77D7E22E5F057003AC2D1 /* AddCurrencyPairCoordinator.swift in Sources */ = {isa = PBXBuildFile; fileRef = AFC77D7D22E5F057003AC2D1 /* AddCurrencyPairCoordinator.swift */; };
		AFC77D8022E5F337003AC2D1 /* Main.storyboard in Resources */ = {isa = PBXBuildFile; fileRef = AFC77D7F22E5F337003AC2D1 /* Main.storyboard */; };
		AFC77D9222E61086003AC2D1 /* CurrenciesRateStoryboard.storyboard in Resources */ = {isa = PBXBuildFile; fileRef = AFC77D9122E61086003AC2D1 /* CurrenciesRateStoryboard.storyboard */; };
		AFC77D9422E610D3003AC2D1 /* CurrenciesRatePresenter.swift in Sources */ = {isa = PBXBuildFile; fileRef = AFC77D9322E610D3003AC2D1 /* CurrenciesRatePresenter.swift */; };
		AFC77D9622E610FF003AC2D1 /* CurrenciesRateViewController.swift in Sources */ = {isa = PBXBuildFile; fileRef = AFC77D9522E610FF003AC2D1 /* CurrenciesRateViewController.swift */; };
		AFC77D9822E6114B003AC2D1 /* CurrenciesRateViewIO.swift in Sources */ = {isa = PBXBuildFile; fileRef = AFC77D9722E6114B003AC2D1 /* CurrenciesRateViewIO.swift */; };
		AFC77D9C22E61270003AC2D1 /* CurrenciesRateAssembly.swift in Sources */ = {isa = PBXBuildFile; fileRef = AFC77D9B22E61270003AC2D1 /* CurrenciesRateAssembly.swift */; };
/* End PBXBuildFile section */

/* Begin PBXContainerItemProxy section */
		1986329922E1071A00DAB4AD /* PBXContainerItemProxy */ = {
			isa = PBXContainerItemProxy;
			containerPortal = 1986327C22E1071700DAB4AD /* Project object */;
			proxyType = 1;
			remoteGlobalIDString = 1986328322E1071700DAB4AD;
			remoteInfo = CurrencyRate;
		};
		198632A422E1071A00DAB4AD /* PBXContainerItemProxy */ = {
			isa = PBXContainerItemProxy;
			containerPortal = 1986327C22E1071700DAB4AD /* Project object */;
			proxyType = 1;
			remoteGlobalIDString = 1986328322E1071700DAB4AD;
			remoteInfo = CurrencyRate;
		};
/* End PBXContainerItemProxy section */

/* Begin PBXFileReference section */
		1938B3E922E3716400843E2A /* CurrencyTableViewCell.swift */ = {isa = PBXFileReference; lastKnownFileType = sourcecode.swift; path = CurrencyTableViewCell.swift; sourceTree = "<group>"; };
		1938B3EA22E3716400843E2A /* CurrencyTableViewCell.xib */ = {isa = PBXFileReference; lastKnownFileType = file.xib; path = CurrencyTableViewCell.xib; sourceTree = "<group>"; };
		1938B3EE22E377BB00843E2A /* CurrenciesAdapter.swift */ = {isa = PBXFileReference; lastKnownFileType = sourcecode.swift; path = CurrenciesAdapter.swift; sourceTree = "<group>"; };
		1938B3F222E37E9800843E2A /* CurrenciesStoryboard.storyboard */ = {isa = PBXFileReference; lastKnownFileType = file.storyboard; path = CurrenciesStoryboard.storyboard; sourceTree = "<group>"; };
		1938B3F422E37F1A00843E2A /* CurrenciesViewController.swift */ = {isa = PBXFileReference; lastKnownFileType = sourcecode.swift; path = CurrenciesViewController.swift; sourceTree = "<group>"; };
		1938B3F622E37F8300843E2A /* CurrenciesViewIO.swift */ = {isa = PBXFileReference; lastKnownFileType = sourcecode.swift; path = CurrenciesViewIO.swift; sourceTree = "<group>"; };
		1938B3FA22E385A800843E2A /* CurrencyEntity.swift */ = {isa = PBXFileReference; lastKnownFileType = sourcecode.swift; path = CurrencyEntity.swift; sourceTree = "<group>"; };
		1938B3FC22E3862C00843E2A /* CurrenciesService.swift */ = {isa = PBXFileReference; lastKnownFileType = sourcecode.swift; path = CurrenciesService.swift; sourceTree = "<group>"; };
		1938B41B22E38C9C00843E2A /* CurrenciesAssembly.swift */ = {isa = PBXFileReference; lastKnownFileType = sourcecode.swift; path = CurrenciesAssembly.swift; sourceTree = "<group>"; };
		1938B41D22E3946700843E2A /* CurrenciesPresenter.swift */ = {isa = PBXFileReference; fileEncoding = 4; lastKnownFileType = sourcecode.swift; path = CurrenciesPresenter.swift; sourceTree = "<group>"; };
		1938B41F22E3B00100843E2A /* CurrenciesModuleIO.swift */ = {isa = PBXFileReference; fileEncoding = 4; lastKnownFileType = sourcecode.swift; path = CurrenciesModuleIO.swift; sourceTree = "<group>"; };
		1962C3D622E4F782003E957C /* CommonCoordinator.swift */ = {isa = PBXFileReference; fileEncoding = 4; lastKnownFileType = sourcecode.swift; path = CommonCoordinator.swift; sourceTree = "<group>"; };
		1962C3D722E4F782003E957C /* CommonTypealias.swift */ = {isa = PBXFileReference; fileEncoding = 4; lastKnownFileType = sourcecode.swift; path = CommonTypealias.swift; sourceTree = "<group>"; };
		1962C3D822E4F782003E957C /* Presentable.swift */ = {isa = PBXFileReference; fileEncoding = 4; lastKnownFileType = sourcecode.swift; path = Presentable.swift; sourceTree = "<group>"; };
		1962C3D922E4F782003E957C /* Routable.swift */ = {isa = PBXFileReference; fileEncoding = 4; lastKnownFileType = sourcecode.swift; path = Routable.swift; sourceTree = "<group>"; };
		1962C3DE22E4F789003E957C /* AppRouter.swift */ = {isa = PBXFileReference; fileEncoding = 4; lastKnownFileType = sourcecode.swift; path = AppRouter.swift; sourceTree = "<group>"; };
		1962C3E122E4F817003E957C /* Coordinatable.swift */ = {isa = PBXFileReference; lastKnownFileType = sourcecode.swift; path = Coordinatable.swift; sourceTree = "<group>"; };
		1962C3E322E625B1003E957C /* Finishable.swift */ = {isa = PBXFileReference; lastKnownFileType = sourcecode.swift; path = Finishable.swift; sourceTree = "<group>"; };
		1962C3E522E64790003E957C /* Constants.swift */ = {isa = PBXFileReference; lastKnownFileType = sourcecode.swift; path = Constants.swift; sourceTree = "<group>"; };
		1962C3E722E64C0E003E957C /* CurrenciesModuleFactory.swift */ = {isa = PBXFileReference; lastKnownFileType = sourcecode.swift; path = CurrenciesModuleFactory.swift; sourceTree = "<group>"; };
		1962C3EA22E78F2B003E957C /* RateEntity.swift */ = {isa = PBXFileReference; lastKnownFileType = sourcecode.swift; path = RateEntity.swift; sourceTree = "<group>"; };
		1962C3ED22E96D95003E957C /* Extensions.swift */ = {isa = PBXFileReference; lastKnownFileType = sourcecode.swift; path = Extensions.swift; sourceTree = "<group>"; };
		1962C3F122E9782C003E957C /* DataManager.swift */ = {isa = PBXFileReference; lastKnownFileType = sourcecode.swift; path = DataManager.swift; sourceTree = "<group>"; };
		1962C40122EC650B003E957C /* PairEntity.swift */ = {isa = PBXFileReference; lastKnownFileType = sourcecode.swift; path = PairEntity.swift; sourceTree = "<group>"; };
		1962C40322ECF495003E957C /* AddCurrencyPairCoordinatorHelper.swift */ = {isa = PBXFileReference; lastKnownFileType = sourcecode.swift; path = AddCurrencyPairCoordinatorHelper.swift; sourceTree = "<group>"; };
		1962C40622EE0C26003E957C /* AddCurrencyPairCoordinatorHelperTests.swift */ = {isa = PBXFileReference; lastKnownFileType = sourcecode.swift; path = AddCurrencyPairCoordinatorHelperTests.swift; sourceTree = "<group>"; };
		1962C40E22EE3FE2003E957C /* CurrenciesRateModuleTests.swift */ = {isa = PBXFileReference; lastKnownFileType = sourcecode.swift; path = CurrenciesRateModuleTests.swift; sourceTree = "<group>"; };
		1962C41022EE403E003E957C /* RateServiceTests.swift */ = {isa = PBXFileReference; lastKnownFileType = sourcecode.swift; path = RateServiceTests.swift; sourceTree = "<group>"; };
		1986328422E1071700DAB4AD /* CurrencyRate.app */ = {isa = PBXFileReference; explicitFileType = wrapper.application; includeInIndex = 0; path = CurrencyRate.app; sourceTree = BUILT_PRODUCTS_DIR; };
		1986328722E1071700DAB4AD /* AppDelegate.swift */ = {isa = PBXFileReference; lastKnownFileType = sourcecode.swift; path = AppDelegate.swift; sourceTree = "<group>"; };
		1986328E22E1071A00DAB4AD /* Assets.xcassets */ = {isa = PBXFileReference; lastKnownFileType = folder.assetcatalog; path = Assets.xcassets; sourceTree = "<group>"; };
		1986329122E1071A00DAB4AD /* Base */ = {isa = PBXFileReference; lastKnownFileType = file.storyboard; name = Base; path = Base.lproj/LaunchScreen.storyboard; sourceTree = "<group>"; };
		1986329322E1071A00DAB4AD /* Info.plist */ = {isa = PBXFileReference; lastKnownFileType = text.plist.xml; path = Info.plist; sourceTree = "<group>"; };
		1986329822E1071A00DAB4AD /* CurrencyRateTests.xctest */ = {isa = PBXFileReference; explicitFileType = wrapper.cfbundle; includeInIndex = 0; path = CurrencyRateTests.xctest; sourceTree = BUILT_PRODUCTS_DIR; };
		1986329C22E1071A00DAB4AD /* CurrencyRateTests.swift */ = {isa = PBXFileReference; lastKnownFileType = sourcecode.swift; path = CurrencyRateTests.swift; sourceTree = "<group>"; };
		1986329E22E1071A00DAB4AD /* Info.plist */ = {isa = PBXFileReference; lastKnownFileType = text.plist.xml; path = Info.plist; sourceTree = "<group>"; };
		198632A322E1071A00DAB4AD /* CurrencyRateUITests.xctest */ = {isa = PBXFileReference; explicitFileType = wrapper.cfbundle; includeInIndex = 0; path = CurrencyRateUITests.xctest; sourceTree = BUILT_PRODUCTS_DIR; };
		198632A722E1071A00DAB4AD /* CurrencyRateUITests.swift */ = {isa = PBXFileReference; lastKnownFileType = sourcecode.swift; path = CurrencyRateUITests.swift; sourceTree = "<group>"; };
		198632A922E1071A00DAB4AD /* Info.plist */ = {isa = PBXFileReference; lastKnownFileType = text.plist.xml; path = Info.plist; sourceTree = "<group>"; };
		19A9A7CA22E4C29E00EED646 /* ApplicationCoordinator.swift */ = {isa = PBXFileReference; lastKnownFileType = sourcecode.swift; path = ApplicationCoordinator.swift; sourceTree = "<group>"; };
		AF0CD41922E61424006EFC82 /* CurrenciesRateModuleIO.swift */ = {isa = PBXFileReference; lastKnownFileType = sourcecode.swift; path = CurrenciesRateModuleIO.swift; sourceTree = "<group>"; };
		AF0CD41B22E6153F006EFC82 /* CurrenciesRateModuleFactory.swift */ = {isa = PBXFileReference; lastKnownFileType = sourcecode.swift; path = CurrenciesRateModuleFactory.swift; sourceTree = "<group>"; };
		AF0CDAF122E72CA8003FA00E /* PairTableViewCell.swift */ = {isa = PBXFileReference; lastKnownFileType = sourcecode.swift; path = PairTableViewCell.swift; sourceTree = "<group>"; };
		AF0CDAF222E72CA8003FA00E /* PairTableViewCell.xib */ = {isa = PBXFileReference; lastKnownFileType = file.xib; path = PairTableViewCell.xib; sourceTree = "<group>"; };
		AF0CDB0422E737E9003FA00E /* PairAdapter.swift */ = {isa = PBXFileReference; lastKnownFileType = sourcecode.swift; path = PairAdapter.swift; sourceTree = "<group>"; };
		AF0CDB0E22E758CC003FA00E /* RateService.swift */ = {isa = PBXFileReference; lastKnownFileType = sourcecode.swift; path = RateService.swift; sourceTree = "<group>"; };
		AF0CDB1022E760B5003FA00E /* ServiceLocator.swift */ = {isa = PBXFileReference; lastKnownFileType = sourcecode.swift; path = ServiceLocator.swift; sourceTree = "<group>"; };
		AF24038322E9A20F00C1BBC2 /* AppDelegate+DI.swift */ = {isa = PBXFileReference; lastKnownFileType = sourcecode.swift; path = "AppDelegate+DI.swift"; sourceTree = "<group>"; };
		AF24038522E9A23F00C1BBC2 /* AppDelegate+Coordinator.swift */ = {isa = PBXFileReference; lastKnownFileType = sourcecode.swift; path = "AppDelegate+Coordinator.swift"; sourceTree = "<group>"; };
		AF24038922E9D64200C1BBC2 /* StorageService.swift */ = {isa = PBXFileReference; lastKnownFileType = sourcecode.swift; path = StorageService.swift; sourceTree = "<group>"; };
		AF24038B22E9DF2B00C1BBC2 /* DeferedAction.swift */ = {isa = PBXFileReference; lastKnownFileType = sourcecode.swift; path = DeferedAction.swift; sourceTree = "<group>"; };
		AFB8DE6922E8510C0048D672 /* DataTaskManager.swift */ = {isa = PBXFileReference; lastKnownFileType = sourcecode.swift; path = DataTaskManager.swift; sourceTree = "<group>"; };
		AFB8DE6B22E85A330048D672 /* Networkable.swift */ = {isa = PBXFileReference; lastKnownFileType = sourcecode.swift; path = Networkable.swift; sourceTree = "<group>"; };
		AFC77D5722E5D54E003AC2D1 /* CoordinatorFactory.swift */ = {isa = PBXFileReference; lastKnownFileType = sourcecode.swift; path = CoordinatorFactory.swift; sourceTree = "<group>"; };
		AFC77D7722E5EAED003AC2D1 /* ModuleFactoryImplementation.swift */ = {isa = PBXFileReference; lastKnownFileType = sourcecode.swift; path = ModuleFactoryImplementation.swift; sourceTree = "<group>"; };
		AFC77D7922E5EFCF003AC2D1 /* CoordinatorFactoryImplementation.swift */ = {isa = PBXFileReference; lastKnownFileType = sourcecode.swift; path = CoordinatorFactoryImplementation.swift; sourceTree = "<group>"; };
		AFC77D7D22E5F057003AC2D1 /* AddCurrencyPairCoordinator.swift */ = {isa = PBXFileReference; lastKnownFileType = sourcecode.swift; path = AddCurrencyPairCoordinator.swift; sourceTree = "<group>"; };
		AFC77D7F22E5F337003AC2D1 /* Main.storyboard */ = {isa = PBXFileReference; lastKnownFileType = file.storyboard; path = Main.storyboard; sourceTree = "<group>"; };
		AFC77D9122E61086003AC2D1 /* CurrenciesRateStoryboard.storyboard */ = {isa = PBXFileReference; lastKnownFileType = file.storyboard; path = CurrenciesRateStoryboard.storyboard; sourceTree = "<group>"; };
		AFC77D9322E610D3003AC2D1 /* CurrenciesRatePresenter.swift */ = {isa = PBXFileReference; lastKnownFileType = sourcecode.swift; path = CurrenciesRatePresenter.swift; sourceTree = "<group>"; };
		AFC77D9522E610FF003AC2D1 /* CurrenciesRateViewController.swift */ = {isa = PBXFileReference; lastKnownFileType = sourcecode.swift; path = CurrenciesRateViewController.swift; sourceTree = "<group>"; };
		AFC77D9722E6114B003AC2D1 /* CurrenciesRateViewIO.swift */ = {isa = PBXFileReference; lastKnownFileType = sourcecode.swift; path = CurrenciesRateViewIO.swift; sourceTree = "<group>"; };
		AFC77D9B22E61270003AC2D1 /* CurrenciesRateAssembly.swift */ = {isa = PBXFileReference; lastKnownFileType = sourcecode.swift; path = CurrenciesRateAssembly.swift; sourceTree = "<group>"; };
/* End PBXFileReference section */

/* Begin PBXFrameworksBuildPhase section */
		1986328122E1071700DAB4AD /* Frameworks */ = {
			isa = PBXFrameworksBuildPhase;
			buildActionMask = 2147483647;
			files = (
			);
			runOnlyForDeploymentPostprocessing = 0;
		};
		1986329522E1071A00DAB4AD /* Frameworks */ = {
			isa = PBXFrameworksBuildPhase;
			buildActionMask = 2147483647;
			files = (
			);
			runOnlyForDeploymentPostprocessing = 0;
		};
		198632A022E1071A00DAB4AD /* Frameworks */ = {
			isa = PBXFrameworksBuildPhase;
			buildActionMask = 2147483647;
			files = (
			);
			runOnlyForDeploymentPostprocessing = 0;
		};
/* End PBXFrameworksBuildPhase section */

/* Begin PBXGroup section */
		1938B3DB22E18CF300843E2A /* Classes */ = {
			isa = PBXGroup;
			children = (
				1938B3E022E18D7C00843E2A /* Constants */,
				1938B3E322E18DCC00843E2A /* CoreLayer */,
				1938B3DE22E18D4B00843E2A /* ApplicationLayer */,
				1938B3E222E18D9500843E2A /* PresentationLayer */,
				1938B3DF22E18D6100843E2A /* BussinesLogicLayer */,
			);
			path = Classes;
			sourceTree = "<group>";
		};
		1938B3DC22E18D0800843E2A /* Resources */ = {
			isa = PBXGroup;
			children = (
				1986328E22E1071A00DAB4AD /* Assets.xcassets */,
				1986329322E1071A00DAB4AD /* Info.plist */,
			);
			path = Resources;
			sourceTree = "<group>";
		};
		1938B3DE22E18D4B00843E2A /* ApplicationLayer */ = {
			isa = PBXGroup;
			children = (
				AFC77D7F22E5F337003AC2D1 /* Main.storyboard */,
				1986329022E1071A00DAB4AD /* LaunchScreen.storyboard */,
				1986328722E1071700DAB4AD /* AppDelegate.swift */,
				AF24038322E9A20F00C1BBC2 /* AppDelegate+DI.swift */,
				AF24038522E9A23F00C1BBC2 /* AppDelegate+Coordinator.swift */,
			);
			path = ApplicationLayer;
			sourceTree = "<group>";
		};
		1938B3DF22E18D6100843E2A /* BussinesLogicLayer */ = {
			isa = PBXGroup;
			children = (
				1938B3FA22E385A800843E2A /* CurrencyEntity.swift */,
				1962C40122EC650B003E957C /* PairEntity.swift */,
				1962C3EA22E78F2B003E957C /* RateEntity.swift */,
				1938B3FC22E3862C00843E2A /* CurrenciesService.swift */,
				AF0CDB0E22E758CC003FA00E /* RateService.swift */,
				AF24038922E9D64200C1BBC2 /* StorageService.swift */,
			);
			path = BussinesLogicLayer;
			sourceTree = "<group>";
		};
		1938B3E022E18D7C00843E2A /* Constants */ = {
			isa = PBXGroup;
			children = (
				1962C3E522E64790003E957C /* Constants.swift */,
			);
			path = Constants;
			sourceTree = "<group>";
		};
		1938B3E222E18D9500843E2A /* PresentationLayer */ = {
			isa = PBXGroup;
			children = (
				19A9A7C522E4C15400EED646 /* Coordinators */,
				AFC77D5922E5DD15003AC2D1 /* Modules */,
			);
			path = PresentationLayer;
			sourceTree = "<group>";
		};
		1938B3E322E18DCC00843E2A /* CoreLayer */ = {
			isa = PBXGroup;
			children = (
				1962C3EF22E96F70003E957C /* DI */,
				1962C3F022E977C3003E957C /* Caсhe */,
				1962C3EC22E79BC7003E957C /* Network */,
				1962C3E022E4F7D8003E957C /* Coordinator */,
				1962C3D722E4F782003E957C /* CommonTypealias.swift */,
				1962C3ED22E96D95003E957C /* Extensions.swift */,
			);
			path = CoreLayer;
			sourceTree = "<group>";
		};
		1938B3E422E36EE900843E2A /* CurrenciesModule */ = {
			isa = PBXGroup;
			children = (
				1938B41A22E38C6700843E2A /* Assembly */,
				1938B3E622E370FB00843E2A /* View */,
				1938B3E722E3710A00843E2A /* Presenter */,
			);
			path = CurrenciesModule;
			sourceTree = "<group>";
		};
		1938B3E622E370FB00843E2A /* View */ = {
			isa = PBXGroup;
			children = (
				1938B3ED22E3776A00843E2A /* Adapter */,
				1938B3E822E3713000843E2A /* Cells */,
				1938B3F422E37F1A00843E2A /* CurrenciesViewController.swift */,
				1938B3F222E37E9800843E2A /* CurrenciesStoryboard.storyboard */,
				1938B3F622E37F8300843E2A /* CurrenciesViewIO.swift */,
			);
			path = View;
			sourceTree = "<group>";
		};
		1938B3E722E3710A00843E2A /* Presenter */ = {
			isa = PBXGroup;
			children = (
				1938B41F22E3B00100843E2A /* CurrenciesModuleIO.swift */,
				1938B41D22E3946700843E2A /* CurrenciesPresenter.swift */,
			);
			path = Presenter;
			sourceTree = "<group>";
		};
		1938B3E822E3713000843E2A /* Cells */ = {
			isa = PBXGroup;
			children = (
				1938B3E922E3716400843E2A /* CurrencyTableViewCell.swift */,
				1938B3EA22E3716400843E2A /* CurrencyTableViewCell.xib */,
			);
			path = Cells;
			sourceTree = "<group>";
		};
		1938B3ED22E3776A00843E2A /* Adapter */ = {
			isa = PBXGroup;
			children = (
				1938B3EE22E377BB00843E2A /* CurrenciesAdapter.swift */,
			);
			path = Adapter;
			sourceTree = "<group>";
		};
		1938B41A22E38C6700843E2A /* Assembly */ = {
			isa = PBXGroup;
			children = (
				1938B41B22E38C9C00843E2A /* CurrenciesAssembly.swift */,
			);
			path = Assembly;
			sourceTree = "<group>";
		};
		1962C3E022E4F7D8003E957C /* Coordinator */ = {
			isa = PBXGroup;
			children = (
				1962C3D922E4F782003E957C /* Routable.swift */,
				1962C3DE22E4F789003E957C /* AppRouter.swift */,
				1962C3D822E4F782003E957C /* Presentable.swift */,
				1962C3E122E4F817003E957C /* Coordinatable.swift */,
				1962C3D622E4F782003E957C /* CommonCoordinator.swift */,
				1962C3E322E625B1003E957C /* Finishable.swift */,
			);
			path = Coordinator;
			sourceTree = "<group>";
		};
		1962C3EC22E79BC7003E957C /* Network */ = {
			isa = PBXGroup;
			children = (
				AFB8DE6922E8510C0048D672 /* DataTaskManager.swift */,
				AFB8DE6B22E85A330048D672 /* Networkable.swift */,
				AF24038B22E9DF2B00C1BBC2 /* DeferedAction.swift */,
			);
			path = Network;
			sourceTree = "<group>";
		};
		1962C3EF22E96F70003E957C /* DI */ = {
			isa = PBXGroup;
			children = (
				AF0CDB1022E760B5003FA00E /* ServiceLocator.swift */,
			);
			path = DI;
			sourceTree = "<group>";
		};
		1962C3F022E977C3003E957C /* Caсhe */ = {
			isa = PBXGroup;
			children = (
				1962C3F122E9782C003E957C /* DataManager.swift */,
			);
			path = "Caсhe";
			sourceTree = "<group>";
		};
		1962C40522ECF4A8003E957C /* Helpers */ = {
			isa = PBXGroup;
			children = (
				1962C40322ECF495003E957C /* AddCurrencyPairCoordinatorHelper.swift */,
			);
			path = Helpers;
			sourceTree = "<group>";
		};
		1986327B22E1071700DAB4AD = {
			isa = PBXGroup;
			children = (
				1986328622E1071700DAB4AD /* CurrencyRate */,
				1986329B22E1071A00DAB4AD /* CurrencyRateTests */,
				198632A622E1071A00DAB4AD /* CurrencyRateUITests */,
				1986328522E1071700DAB4AD /* Products */,
			);
			sourceTree = "<group>";
		};
		1986328522E1071700DAB4AD /* Products */ = {
			isa = PBXGroup;
			children = (
				1986328422E1071700DAB4AD /* CurrencyRate.app */,
				1986329822E1071A00DAB4AD /* CurrencyRateTests.xctest */,
				198632A322E1071A00DAB4AD /* CurrencyRateUITests.xctest */,
			);
			name = Products;
			sourceTree = "<group>";
		};
		1986328622E1071700DAB4AD /* CurrencyRate */ = {
			isa = PBXGroup;
			children = (
				1938B3DB22E18CF300843E2A /* Classes */,
				1938B3DC22E18D0800843E2A /* Resources */,
			);
			path = CurrencyRate;
			sourceTree = "<group>";
		};
		1986329B22E1071A00DAB4AD /* CurrencyRateTests */ = {
			isa = PBXGroup;
			children = (
				1962C41022EE403E003E957C /* RateServiceTests.swift */,
				1962C40E22EE3FE2003E957C /* CurrenciesRateModuleTests.swift */,
				1962C40622EE0C26003E957C /* AddCurrencyPairCoordinatorHelperTests.swift */,
				1986329C22E1071A00DAB4AD /* CurrencyRateTests.swift */,
				1986329E22E1071A00DAB4AD /* Info.plist */,
			);
			path = CurrencyRateTests;
			sourceTree = "<group>";
		};
		198632A622E1071A00DAB4AD /* CurrencyRateUITests */ = {
			isa = PBXGroup;
			children = (
				198632A722E1071A00DAB4AD /* CurrencyRateUITests.swift */,
				198632A922E1071A00DAB4AD /* Info.plist */,
			);
			path = CurrencyRateUITests;
			sourceTree = "<group>";
		};
		19A9A7C522E4C15400EED646 /* Coordinators */ = {
			isa = PBXGroup;
			children = (
				1962C40522ECF4A8003E957C /* Helpers */,
				AFC77D7B22E5F00A003AC2D1 /* Factory */,
				19A9A7CA22E4C29E00EED646 /* ApplicationCoordinator.swift */,
				AFC77D7D22E5F057003AC2D1 /* AddCurrencyPairCoordinator.swift */,
			);
			path = Coordinators;
			sourceTree = "<group>";
		};
		AF0CDAF022E72C82003FA00E /* Cells */ = {
			isa = PBXGroup;
			children = (
				AF0CDAF122E72CA8003FA00E /* PairTableViewCell.swift */,
				AF0CDAF222E72CA8003FA00E /* PairTableViewCell.xib */,
			);
			path = Cells;
			sourceTree = "<group>";
		};
		AF0CDB0322E737CC003FA00E /* Adapters */ = {
			isa = PBXGroup;
			children = (
				AF0CDB0422E737E9003FA00E /* PairAdapter.swift */,
			);
			path = Adapters;
			sourceTree = "<group>";
		};
		AFC77D5922E5DD15003AC2D1 /* Modules */ = {
			isa = PBXGroup;
			children = (
				1938B3E422E36EE900843E2A /* CurrenciesModule */,
				AFC77D5A22E5DD25003AC2D1 /* CurrenciesRateModule */,
			);
			path = Modules;
			sourceTree = "<group>";
		};
		AFC77D5A22E5DD25003AC2D1 /* CurrenciesRateModule */ = {
			isa = PBXGroup;
			children = (
				AFC77D5F22E5DE68003AC2D1 /* Assembly */,
				AFC77D5C22E5DE04003AC2D1 /* View */,
				AFC77D5D22E5DE09003AC2D1 /* Presenter */,
			);
			path = CurrenciesRateModule;
			sourceTree = "<group>";
		};
		AFC77D5C22E5DE04003AC2D1 /* View */ = {
			isa = PBXGroup;
			children = (
				AF0CDB0322E737CC003FA00E /* Adapters */,
				AF0CDAF022E72C82003FA00E /* Cells */,
				AFC77D9722E6114B003AC2D1 /* CurrenciesRateViewIO.swift */,
				AFC77D9522E610FF003AC2D1 /* CurrenciesRateViewController.swift */,
				AFC77D9122E61086003AC2D1 /* CurrenciesRateStoryboard.storyboard */,
			);
			path = View;
			sourceTree = "<group>";
		};
		AFC77D5D22E5DE09003AC2D1 /* Presenter */ = {
			isa = PBXGroup;
			children = (
				AF0CD41922E61424006EFC82 /* CurrenciesRateModuleIO.swift */,
				AFC77D9322E610D3003AC2D1 /* CurrenciesRatePresenter.swift */,
			);
			path = Presenter;
			sourceTree = "<group>";
		};
		AFC77D5F22E5DE68003AC2D1 /* Assembly */ = {
			isa = PBXGroup;
			children = (
				AFC77D9B22E61270003AC2D1 /* CurrenciesRateAssembly.swift */,
			);
			path = Assembly;
			sourceTree = "<group>";
		};
		AFC77D7B22E5F00A003AC2D1 /* Factory */ = {
			isa = PBXGroup;
			children = (
				AFC77D7C22E5F025003AC2D1 /* ModulesFactory */,
				AFC77D5722E5D54E003AC2D1 /* CoordinatorFactory.swift */,
				AFC77D7922E5EFCF003AC2D1 /* CoordinatorFactoryImplementation.swift */,
			);
			path = Factory;
			sourceTree = "<group>";
		};
		AFC77D7C22E5F025003AC2D1 /* ModulesFactory */ = {
			isa = PBXGroup;
			children = (
				1962C3E722E64C0E003E957C /* CurrenciesModuleFactory.swift */,
				AF0CD41B22E6153F006EFC82 /* CurrenciesRateModuleFactory.swift */,
				AFC77D7722E5EAED003AC2D1 /* ModuleFactoryImplementation.swift */,
			);
			path = ModulesFactory;
			sourceTree = "<group>";
		};
/* End PBXGroup section */

/* Begin PBXNativeTarget section */
		1986328322E1071700DAB4AD /* CurrencyRate */ = {
			isa = PBXNativeTarget;
			buildConfigurationList = 198632AC22E1071A00DAB4AD /* Build configuration list for PBXNativeTarget "CurrencyRate" */;
			buildPhases = (
				1986328022E1071700DAB4AD /* Sources */,
				1986328122E1071700DAB4AD /* Frameworks */,
				1986328222E1071700DAB4AD /* Resources */,
			);
			buildRules = (
			);
			dependencies = (
			);
			name = CurrencyRate;
			productName = CurrencyRate;
			productReference = 1986328422E1071700DAB4AD /* CurrencyRate.app */;
			productType = "com.apple.product-type.application";
		};
		1986329722E1071A00DAB4AD /* CurrencyRateTests */ = {
			isa = PBXNativeTarget;
			buildConfigurationList = 198632AF22E1071A00DAB4AD /* Build configuration list for PBXNativeTarget "CurrencyRateTests" */;
			buildPhases = (
				1986329422E1071A00DAB4AD /* Sources */,
				1986329522E1071A00DAB4AD /* Frameworks */,
				1986329622E1071A00DAB4AD /* Resources */,
			);
			buildRules = (
			);
			dependencies = (
				1986329A22E1071A00DAB4AD /* PBXTargetDependency */,
			);
			name = CurrencyRateTests;
			productName = CurrencyRateTests;
			productReference = 1986329822E1071A00DAB4AD /* CurrencyRateTests.xctest */;
			productType = "com.apple.product-type.bundle.unit-test";
		};
		198632A222E1071A00DAB4AD /* CurrencyRateUITests */ = {
			isa = PBXNativeTarget;
			buildConfigurationList = 198632B222E1071A00DAB4AD /* Build configuration list for PBXNativeTarget "CurrencyRateUITests" */;
			buildPhases = (
				1986329F22E1071A00DAB4AD /* Sources */,
				198632A022E1071A00DAB4AD /* Frameworks */,
				198632A122E1071A00DAB4AD /* Resources */,
			);
			buildRules = (
			);
			dependencies = (
				198632A522E1071A00DAB4AD /* PBXTargetDependency */,
			);
			name = CurrencyRateUITests;
			productName = CurrencyRateUITests;
			productReference = 198632A322E1071A00DAB4AD /* CurrencyRateUITests.xctest */;
			productType = "com.apple.product-type.bundle.ui-testing";
		};
/* End PBXNativeTarget section */

/* Begin PBXProject section */
		1986327C22E1071700DAB4AD /* Project object */ = {
			isa = PBXProject;
			attributes = {
				LastSwiftUpdateCheck = 1020;
				LastUpgradeCheck = 1020;
				ORGANIZATIONNAME = "Vitaliy Rusinov";
				TargetAttributes = {
					1986328322E1071700DAB4AD = {
						CreatedOnToolsVersion = 10.2.1;
					};
					1986329722E1071A00DAB4AD = {
						CreatedOnToolsVersion = 10.2.1;
						TestTargetID = 1986328322E1071700DAB4AD;
					};
					198632A222E1071A00DAB4AD = {
						CreatedOnToolsVersion = 10.2.1;
						TestTargetID = 1986328322E1071700DAB4AD;
					};
				};
			};
			buildConfigurationList = 1986327F22E1071700DAB4AD /* Build configuration list for PBXProject "CurrencyRate" */;
			compatibilityVersion = "Xcode 9.3";
			developmentRegion = en;
			hasScannedForEncodings = 0;
			knownRegions = (
				en,
				Base,
			);
			mainGroup = 1986327B22E1071700DAB4AD;
			productRefGroup = 1986328522E1071700DAB4AD /* Products */;
			projectDirPath = "";
			projectRoot = "";
			targets = (
				1986328322E1071700DAB4AD /* CurrencyRate */,
				1986329722E1071A00DAB4AD /* CurrencyRateTests */,
				198632A222E1071A00DAB4AD /* CurrencyRateUITests */,
			);
		};
/* End PBXProject section */

/* Begin PBXResourcesBuildPhase section */
		1986328222E1071700DAB4AD /* Resources */ = {
			isa = PBXResourcesBuildPhase;
			buildActionMask = 2147483647;
			files = (
				AFC77D9222E61086003AC2D1 /* CurrenciesRateStoryboard.storyboard in Resources */,
				1986329222E1071A00DAB4AD /* LaunchScreen.storyboard in Resources */,
				1938B3EC22E3716400843E2A /* CurrencyTableViewCell.xib in Resources */,
				AFC77D8022E5F337003AC2D1 /* Main.storyboard in Resources */,
				AF0CDAF422E72CA8003FA00E /* PairTableViewCell.xib in Resources */,
				1986328F22E1071A00DAB4AD /* Assets.xcassets in Resources */,
				1938B3F322E37E9800843E2A /* CurrenciesStoryboard.storyboard in Resources */,
			);
			runOnlyForDeploymentPostprocessing = 0;
		};
		1986329622E1071A00DAB4AD /* Resources */ = {
			isa = PBXResourcesBuildPhase;
			buildActionMask = 2147483647;
			files = (
			);
			runOnlyForDeploymentPostprocessing = 0;
		};
		198632A122E1071A00DAB4AD /* Resources */ = {
			isa = PBXResourcesBuildPhase;
			buildActionMask = 2147483647;
			files = (
			);
			runOnlyForDeploymentPostprocessing = 0;
		};
/* End PBXResourcesBuildPhase section */

/* Begin PBXSourcesBuildPhase section */
		1986328022E1071700DAB4AD /* Sources */ = {
			isa = PBXSourcesBuildPhase;
			buildActionMask = 2147483647;
			files = (
				1938B42022E3B00100843E2A /* CurrenciesModuleIO.swift in Sources */,
				AFC77D7A22E5EFCF003AC2D1 /* CoordinatorFactoryImplementation.swift in Sources */,
				AF24038422E9A20F00C1BBC2 /* AppDelegate+DI.swift in Sources */,
				AF0CD41A22E61424006EFC82 /* CurrenciesRateModuleIO.swift in Sources */,
				1962C3F222E9782C003E957C /* DataManager.swift in Sources */,
				1938B3EF22E377BB00843E2A /* CurrenciesAdapter.swift in Sources */,
				1962C3E822E64C0E003E957C /* CurrenciesModuleFactory.swift in Sources */,
				AF0CD41C22E6153F006EFC82 /* CurrenciesRateModuleFactory.swift in Sources */,
				AF24038C22E9DF2B00C1BBC2 /* DeferedAction.swift in Sources */,
				1938B3EB22E3716400843E2A /* CurrencyTableViewCell.swift in Sources */,
				1962C3EE22E96D95003E957C /* Extensions.swift in Sources */,
				1938B3FD22E3862C00843E2A /* CurrenciesService.swift in Sources */,
				AF0CDAF322E72CA8003FA00E /* PairTableViewCell.swift in Sources */,
				1938B41E22E3946700843E2A /* CurrenciesPresenter.swift in Sources */,
				1962C3E422E625B1003E957C /* Finishable.swift in Sources */,
				1962C40D22EE2E3A003E957C /* AddCurrencyPairCoordinatorHelper.swift in Sources */,
				1962C3DA22E4F782003E957C /* CommonCoordinator.swift in Sources */,
				AF0CDB1122E760B5003FA00E /* ServiceLocator.swift in Sources */,
				AFC77D5822E5D54F003AC2D1 /* CoordinatorFactory.swift in Sources */,
				AFC77D9422E610D3003AC2D1 /* CurrenciesRatePresenter.swift in Sources */,
				AFC77D7E22E5F057003AC2D1 /* AddCurrencyPairCoordinator.swift in Sources */,
				1938B3F522E37F1A00843E2A /* CurrenciesViewController.swift in Sources */,
				AFC77D9822E6114B003AC2D1 /* CurrenciesRateViewIO.swift in Sources */,
				1962C3DF22E4F789003E957C /* AppRouter.swift in Sources */,
				1938B3FB22E385A800843E2A /* CurrencyEntity.swift in Sources */,
				1962C3EB22E78F2B003E957C /* RateEntity.swift in Sources */,
				1962C3DD22E4F782003E957C /* Routable.swift in Sources */,
				1986328822E1071700DAB4AD /* AppDelegate.swift in Sources */,
				AFB8DE6C22E85A330048D672 /* Networkable.swift in Sources */,
				AFC77D9C22E61270003AC2D1 /* CurrenciesRateAssembly.swift in Sources */,
				AFC77D7822E5EAED003AC2D1 /* ModuleFactoryImplementation.swift in Sources */,
				AF24038622E9A23F00C1BBC2 /* AppDelegate+Coordinator.swift in Sources */,
				AF0CDB0F22E758CC003FA00E /* RateService.swift in Sources */,
				1962C3DB22E4F782003E957C /* CommonTypealias.swift in Sources */,
				1938B41C22E38C9C00843E2A /* CurrenciesAssembly.swift in Sources */,
				1962C3DC22E4F782003E957C /* Presentable.swift in Sources */,
				1938B3F722E37F8300843E2A /* CurrenciesViewIO.swift in Sources */,
				19A9A7CB22E4C29E00EED646 /* ApplicationCoordinator.swift in Sources */,
				AFB8DE6A22E8510C0048D672 /* DataTaskManager.swift in Sources */,
				1962C3E222E4F817003E957C /* Coordinatable.swift in Sources */,
				AFC77D9622E610FF003AC2D1 /* CurrenciesRateViewController.swift in Sources */,
				1962C40222EC650B003E957C /* PairEntity.swift in Sources */,
				AF0CDB0522E737E9003FA00E /* PairAdapter.swift in Sources */,
				1962C3E622E64790003E957C /* Constants.swift in Sources */,
				AF24038A22E9D64200C1BBC2 /* StorageService.swift in Sources */,
			);
			runOnlyForDeploymentPostprocessing = 0;
		};
		1986329422E1071A00DAB4AD /* Sources */ = {
			isa = PBXSourcesBuildPhase;
			buildActionMask = 2147483647;
			files = (
				1986329D22E1071A00DAB4AD /* CurrencyRateTests.swift in Sources */,
				1962C41122EE403E003E957C /* RateServiceTests.swift in Sources */,
				1962C40722EE0C26003E957C /* AddCurrencyPairCoordinatorHelperTests.swift in Sources */,
				1962C40F22EE3FE2003E957C /* CurrenciesRateModuleTests.swift in Sources */,
			);
			runOnlyForDeploymentPostprocessing = 0;
		};
		1986329F22E1071A00DAB4AD /* Sources */ = {
			isa = PBXSourcesBuildPhase;
			buildActionMask = 2147483647;
			files = (
				198632A822E1071A00DAB4AD /* CurrencyRateUITests.swift in Sources */,
			);
			runOnlyForDeploymentPostprocessing = 0;
		};
/* End PBXSourcesBuildPhase section */

/* Begin PBXTargetDependency section */
		1986329A22E1071A00DAB4AD /* PBXTargetDependency */ = {
			isa = PBXTargetDependency;
			target = 1986328322E1071700DAB4AD /* CurrencyRate */;
			targetProxy = 1986329922E1071A00DAB4AD /* PBXContainerItemProxy */;
		};
		198632A522E1071A00DAB4AD /* PBXTargetDependency */ = {
			isa = PBXTargetDependency;
			target = 1986328322E1071700DAB4AD /* CurrencyRate */;
			targetProxy = 198632A422E1071A00DAB4AD /* PBXContainerItemProxy */;
		};
/* End PBXTargetDependency section */

/* Begin PBXVariantGroup section */
		1986329022E1071A00DAB4AD /* LaunchScreen.storyboard */ = {
			isa = PBXVariantGroup;
			children = (
				1986329122E1071A00DAB4AD /* Base */,
			);
			name = LaunchScreen.storyboard;
			sourceTree = "<group>";
		};
/* End PBXVariantGroup section */

/* Begin XCBuildConfiguration section */
		198632AA22E1071A00DAB4AD /* Debug */ = {
			isa = XCBuildConfiguration;
			buildSettings = {
				ALWAYS_SEARCH_USER_PATHS = NO;
				CLANG_ANALYZER_NONNULL = YES;
				CLANG_ANALYZER_NUMBER_OBJECT_CONVERSION = YES_AGGRESSIVE;
				CLANG_CXX_LANGUAGE_STANDARD = "gnu++14";
				CLANG_CXX_LIBRARY = "libc++";
				CLANG_ENABLE_MODULES = YES;
				CLANG_ENABLE_OBJC_ARC = YES;
				CLANG_ENABLE_OBJC_WEAK = YES;
				CLANG_WARN_BLOCK_CAPTURE_AUTORELEASING = YES;
				CLANG_WARN_BOOL_CONVERSION = YES;
				CLANG_WARN_COMMA = YES;
				CLANG_WARN_CONSTANT_CONVERSION = YES;
				CLANG_WARN_DEPRECATED_OBJC_IMPLEMENTATIONS = YES;
				CLANG_WARN_DIRECT_OBJC_ISA_USAGE = YES_ERROR;
				CLANG_WARN_DOCUMENTATION_COMMENTS = YES;
				CLANG_WARN_EMPTY_BODY = YES;
				CLANG_WARN_ENUM_CONVERSION = YES;
				CLANG_WARN_INFINITE_RECURSION = YES;
				CLANG_WARN_INT_CONVERSION = YES;
				CLANG_WARN_NON_LITERAL_NULL_CONVERSION = YES;
				CLANG_WARN_OBJC_IMPLICIT_RETAIN_SELF = YES;
				CLANG_WARN_OBJC_LITERAL_CONVERSION = YES;
				CLANG_WARN_OBJC_ROOT_CLASS = YES_ERROR;
				CLANG_WARN_RANGE_LOOP_ANALYSIS = YES;
				CLANG_WARN_STRICT_PROTOTYPES = YES;
				CLANG_WARN_SUSPICIOUS_MOVE = YES;
				CLANG_WARN_UNGUARDED_AVAILABILITY = YES_AGGRESSIVE;
				CLANG_WARN_UNREACHABLE_CODE = YES;
				CLANG_WARN__DUPLICATE_METHOD_MATCH = YES;
				CODE_SIGN_IDENTITY = "iPhone Developer";
				COPY_PHASE_STRIP = NO;
				DEBUG_INFORMATION_FORMAT = dwarf;
				ENABLE_STRICT_OBJC_MSGSEND = YES;
				ENABLE_TESTABILITY = YES;
				GCC_C_LANGUAGE_STANDARD = gnu11;
				GCC_DYNAMIC_NO_PIC = NO;
				GCC_NO_COMMON_BLOCKS = YES;
				GCC_OPTIMIZATION_LEVEL = 0;
				GCC_PREPROCESSOR_DEFINITIONS = (
					"DEBUG=1",
					"$(inherited)",
				);
				GCC_WARN_64_TO_32_BIT_CONVERSION = YES;
				GCC_WARN_ABOUT_RETURN_TYPE = YES_ERROR;
				GCC_WARN_UNDECLARED_SELECTOR = YES;
				GCC_WARN_UNINITIALIZED_AUTOS = YES_AGGRESSIVE;
				GCC_WARN_UNUSED_FUNCTION = YES;
				GCC_WARN_UNUSED_VARIABLE = YES;
				IPHONEOS_DEPLOYMENT_TARGET = 12.2;
				MTL_ENABLE_DEBUG_INFO = INCLUDE_SOURCE;
				MTL_FAST_MATH = YES;
				ONLY_ACTIVE_ARCH = YES;
				SDKROOT = iphoneos;
				SWIFT_ACTIVE_COMPILATION_CONDITIONS = DEBUG;
				SWIFT_OPTIMIZATION_LEVEL = "-Onone";
			};
			name = Debug;
		};
		198632AB22E1071A00DAB4AD /* Release */ = {
			isa = XCBuildConfiguration;
			buildSettings = {
				ALWAYS_SEARCH_USER_PATHS = NO;
				CLANG_ANALYZER_NONNULL = YES;
				CLANG_ANALYZER_NUMBER_OBJECT_CONVERSION = YES_AGGRESSIVE;
				CLANG_CXX_LANGUAGE_STANDARD = "gnu++14";
				CLANG_CXX_LIBRARY = "libc++";
				CLANG_ENABLE_MODULES = YES;
				CLANG_ENABLE_OBJC_ARC = YES;
				CLANG_ENABLE_OBJC_WEAK = YES;
				CLANG_WARN_BLOCK_CAPTURE_AUTORELEASING = YES;
				CLANG_WARN_BOOL_CONVERSION = YES;
				CLANG_WARN_COMMA = YES;
				CLANG_WARN_CONSTANT_CONVERSION = YES;
				CLANG_WARN_DEPRECATED_OBJC_IMPLEMENTATIONS = YES;
				CLANG_WARN_DIRECT_OBJC_ISA_USAGE = YES_ERROR;
				CLANG_WARN_DOCUMENTATION_COMMENTS = YES;
				CLANG_WARN_EMPTY_BODY = YES;
				CLANG_WARN_ENUM_CONVERSION = YES;
				CLANG_WARN_INFINITE_RECURSION = YES;
				CLANG_WARN_INT_CONVERSION = YES;
				CLANG_WARN_NON_LITERAL_NULL_CONVERSION = YES;
				CLANG_WARN_OBJC_IMPLICIT_RETAIN_SELF = YES;
				CLANG_WARN_OBJC_LITERAL_CONVERSION = YES;
				CLANG_WARN_OBJC_ROOT_CLASS = YES_ERROR;
				CLANG_WARN_RANGE_LOOP_ANALYSIS = YES;
				CLANG_WARN_STRICT_PROTOTYPES = YES;
				CLANG_WARN_SUSPICIOUS_MOVE = YES;
				CLANG_WARN_UNGUARDED_AVAILABILITY = YES_AGGRESSIVE;
				CLANG_WARN_UNREACHABLE_CODE = YES;
				CLANG_WARN__DUPLICATE_METHOD_MATCH = YES;
				CODE_SIGN_IDENTITY = "iPhone Developer";
				COPY_PHASE_STRIP = NO;
				DEBUG_INFORMATION_FORMAT = "dwarf-with-dsym";
				ENABLE_NS_ASSERTIONS = NO;
				ENABLE_STRICT_OBJC_MSGSEND = YES;
				GCC_C_LANGUAGE_STANDARD = gnu11;
				GCC_NO_COMMON_BLOCKS = YES;
				GCC_WARN_64_TO_32_BIT_CONVERSION = YES;
				GCC_WARN_ABOUT_RETURN_TYPE = YES_ERROR;
				GCC_WARN_UNDECLARED_SELECTOR = YES;
				GCC_WARN_UNINITIALIZED_AUTOS = YES_AGGRESSIVE;
				GCC_WARN_UNUSED_FUNCTION = YES;
				GCC_WARN_UNUSED_VARIABLE = YES;
				IPHONEOS_DEPLOYMENT_TARGET = 12.2;
				MTL_ENABLE_DEBUG_INFO = NO;
				MTL_FAST_MATH = YES;
				SDKROOT = iphoneos;
				SWIFT_COMPILATION_MODE = wholemodule;
				SWIFT_OPTIMIZATION_LEVEL = "-O";
				VALIDATE_PRODUCT = YES;
			};
			name = Release;
		};
		198632AD22E1071A00DAB4AD /* Debug */ = {
			isa = XCBuildConfiguration;
			buildSettings = {
				ASSETCATALOG_COMPILER_APPICON_NAME = AppIcon;
				CODE_SIGN_STYLE = Automatic;
				DEFINES_MODULE = YES;
				INFOPLIST_FILE = "$(SRCROOT)/CurrencyRate/Resources/Info.plist";
				LD_RUNPATH_SEARCH_PATHS = (
					"$(inherited)",
					"@executable_path/Frameworks",
				);
				PRODUCT_BUNDLE_IDENTIFIER = com.njall.CurrencyRate;
				PRODUCT_NAME = "$(TARGET_NAME)";
				SWIFT_VERSION = 5.0;
				TARGETED_DEVICE_FAMILY = "1,2";
			};
			name = Debug;
		};
		198632AE22E1071A00DAB4AD /* Release */ = {
			isa = XCBuildConfiguration;
			buildSettings = {
				ASSETCATALOG_COMPILER_APPICON_NAME = AppIcon;
				CODE_SIGN_STYLE = Automatic;
				DEFINES_MODULE = YES;
				INFOPLIST_FILE = "$(SRCROOT)/CurrencyRate/Resources/Info.plist";
				LD_RUNPATH_SEARCH_PATHS = (
					"$(inherited)",
					"@executable_path/Frameworks",
				);
				PRODUCT_BUNDLE_IDENTIFIER = com.njall.CurrencyRate;
				PRODUCT_NAME = "$(TARGET_NAME)";
				SWIFT_VERSION = 5.0;
				TARGETED_DEVICE_FAMILY = "1,2";
			};
			name = Release;
		};
		198632B022E1071A00DAB4AD /* Debug */ = {
			isa = XCBuildConfiguration;
			buildSettings = {
				ALWAYS_EMBED_SWIFT_STANDARD_LIBRARIES = YES;
				BUNDLE_LOADER = "$(TEST_HOST)";
				CODE_SIGN_STYLE = Automatic;
				INFOPLIST_FILE = CurrencyRateTests/Info.plist;
				LD_RUNPATH_SEARCH_PATHS = (
					"$(inherited)",
					"@executable_path/Frameworks",
					"@loader_path/Frameworks",
				);
				PRODUCT_BUNDLE_IDENTIFIER = com.njall.CurrencyRateTests;
				PRODUCT_NAME = "$(TARGET_NAME)";
				SWIFT_VERSION = 5.0;
				TARGETED_DEVICE_FAMILY = "1,2";
				TEST_HOST = "$(BUILT_PRODUCTS_DIR)/CurrencyRate.app/CurrencyRate";
			};
			name = Debug;
		};
		198632B122E1071A00DAB4AD /* Release */ = {
			isa = XCBuildConfiguration;
			buildSettings = {
				ALWAYS_EMBED_SWIFT_STANDARD_LIBRARIES = YES;
				BUNDLE_LOADER = "$(TEST_HOST)";
				CODE_SIGN_STYLE = Automatic;
				INFOPLIST_FILE = CurrencyRateTests/Info.plist;
				LD_RUNPATH_SEARCH_PATHS = (
					"$(inherited)",
					"@executable_path/Frameworks",
					"@loader_path/Frameworks",
				);
				PRODUCT_BUNDLE_IDENTIFIER = com.njall.CurrencyRateTests;
				PRODUCT_NAME = "$(TARGET_NAME)";
				SWIFT_VERSION = 5.0;
				TARGETED_DEVICE_FAMILY = "1,2";
				TEST_HOST = "$(BUILT_PRODUCTS_DIR)/CurrencyRate.app/CurrencyRate";
			};
			name = Release;
		};
		198632B322E1071A00DAB4AD /* Debug */ = {
			isa = XCBuildConfiguration;
			buildSettings = {
				ALWAYS_EMBED_SWIFT_STANDARD_LIBRARIES = YES;
				CODE_SIGN_STYLE = Automatic;
				INFOPLIST_FILE = CurrencyRateUITests/Info.plist;
				LD_RUNPATH_SEARCH_PATHS = (
					"$(inherited)",
					"@executable_path/Frameworks",
					"@loader_path/Frameworks",
				);
				PRODUCT_BUNDLE_IDENTIFIER = com.njall.CurrencyRateUITests;
				PRODUCT_NAME = "$(TARGET_NAME)";
				SWIFT_VERSION = 5.0;
				TARGETED_DEVICE_FAMILY = "1,2";
				TEST_TARGET_NAME = CurrencyRate;
			};
			name = Debug;
		};
		198632B422E1071A00DAB4AD /* Release */ = {
			isa = XCBuildConfiguration;
			buildSettings = {
				ALWAYS_EMBED_SWIFT_STANDARD_LIBRARIES = YES;
				CODE_SIGN_STYLE = Automatic;
				INFOPLIST_FILE = CurrencyRateUITests/Info.plist;
				LD_RUNPATH_SEARCH_PATHS = (
					"$(inherited)",
					"@executable_path/Frameworks",
					"@loader_path/Frameworks",
				);
				PRODUCT_BUNDLE_IDENTIFIER = com.njall.CurrencyRateUITests;
				PRODUCT_NAME = "$(TARGET_NAME)";
				SWIFT_VERSION = 5.0;
				TARGETED_DEVICE_FAMILY = "1,2";
				TEST_TARGET_NAME = CurrencyRate;
			};
			name = Release;
		};
/* End XCBuildConfiguration section */

/* Begin XCConfigurationList section */
		1986327F22E1071700DAB4AD /* Build configuration list for PBXProject "CurrencyRate" */ = {
			isa = XCConfigurationList;
			buildConfigurations = (
				198632AA22E1071A00DAB4AD /* Debug */,
				198632AB22E1071A00DAB4AD /* Release */,
			);
			defaultConfigurationIsVisible = 0;
			defaultConfigurationName = Release;
		};
		198632AC22E1071A00DAB4AD /* Build configuration list for PBXNativeTarget "CurrencyRate" */ = {
			isa = XCConfigurationList;
			buildConfigurations = (
				198632AD22E1071A00DAB4AD /* Debug */,
				198632AE22E1071A00DAB4AD /* Release */,
			);
			defaultConfigurationIsVisible = 0;
			defaultConfigurationName = Release;
		};
		198632AF22E1071A00DAB4AD /* Build configuration list for PBXNativeTarget "CurrencyRateTests" */ = {
			isa = XCConfigurationList;
			buildConfigurations = (
				198632B022E1071A00DAB4AD /* Debug */,
				198632B122E1071A00DAB4AD /* Release */,
			);
			defaultConfigurationIsVisible = 0;
			defaultConfigurationName = Release;
		};
		198632B222E1071A00DAB4AD /* Build configuration list for PBXNativeTarget "CurrencyRateUITests" */ = {
			isa = XCConfigurationList;
			buildConfigurations = (
				198632B322E1071A00DAB4AD /* Debug */,
				198632B422E1071A00DAB4AD /* Release */,
			);
			defaultConfigurationIsVisible = 0;
			defaultConfigurationName = Release;
		};
/* End XCConfigurationList section */
	};
	rootObject = 1986327C22E1071700DAB4AD /* Project object */;
}
